
Microsoft Visual Studio Solution File, Format Version 12.00
# Visual Studio Version 17
VisualStudioVersion = 17.9.34622.214
MinimumVisualStudioVersion = 10.0.40219.1
Project("{FAE04EC0-301F-11D3-BF4B-00C04F79EFBC}") = "LinkedList", "LinkedList\LinkedList.csproj", "{50027A41-77C3-4386-A244-B6732B6B6F87}"
EndProject
Project("{FAE04EC0-301F-11D3-BF4B-00C04F79EFBC}") = "LinkedList.Tests", "LinkedList.Tests\LinkedList.Tests.csproj", "{6BD3717F-EBF1-42D3-821E-7C4C1C6251DC}"
EndProject
Global
	GlobalSection(SolutionConfigurationPlatforms) = preSolution
		Debug|Any CPU = Debug|Any CPU
		Release|Any CPU = Release|Any CPU
	EndGlobalSection
	GlobalSection(ProjectConfigurationPlatforms) = postSolution
		{50027A41-77C3-4386-A244-B6732B6B6F87}.Debug|Any CPU.ActiveCfg = Debug|Any CPU
		{50027A41-77C3-4386-A244-B6732B6B6F87}.Debug|Any CPU.Build.0 = Debug|Any CPU
		{50027A41-77C3-4386-A244-B6732B6B6F87}.Release|Any CPU.ActiveCfg = Release|Any CPU
		{50027A41-77C3-4386-A244-B6732B6B6F87}.Release|Any CPU.Build.0 = Release|Any CPU
		{6BD3717F-EBF1-42D3-821E-7C4C1C6251DC}.Debug|Any CPU.ActiveCfg = Debug|Any CPU
		{6BD3717F-EBF1-42D3-821E-7C4C1C6251DC}.Debug|Any CPU.Build.0 = Debug|Any CPU
		{6BD3717F-EBF1-42D3-821E-7C4C1C6251DC}.Release|Any CPU.ActiveCfg = Release|Any CPU
		{6BD3717F-EBF1-42D3-821E-7C4C1C6251DC}.Release|Any CPU.Build.0 = Release|Any CPU
	EndGlobalSection
	GlobalSection(SolutionProperties) = preSolution
		HideSolutionNode = FALSE
	EndGlobalSection
	GlobalSection(ExtensibilityGlobals) = postSolution
		SolutionGuid = {A66FDB37-6FA9-48CD-9F39-205BB185E194}
	EndGlobalSection
EndGlobal
